// !$*UTF8*$!
{
	archiveVersion = 1;
	classes = {
	};
	objectVersion = 46;
	objects = {

/* Begin PBXBuildFile section */
		7B999D0415DB1E80006ECEDD /* UIKit.framework in Frameworks */ = {isa = PBXBuildFile; fileRef = 7B999D0315DB1E80006ECEDD /* UIKit.framework */; };
		7B999D0615DB1E80006ECEDD /* Foundation.framework in Frameworks */ = {isa = PBXBuildFile; fileRef = 7B999D0515DB1E80006ECEDD /* Foundation.framework */; };
		7B999D0815DB1E80006ECEDD /* CoreGraphics.framework in Frameworks */ = {isa = PBXBuildFile; fileRef = 7B999D0715DB1E80006ECEDD /* CoreGraphics.framework */; };
		7B999D0A15DB1E80006ECEDD /* CoreData.framework in Frameworks */ = {isa = PBXBuildFile; fileRef = 7B999D0915DB1E80006ECEDD /* CoreData.framework */; };
		7B999D1015DB1E80006ECEDD /* InfoPlist.strings in Resources */ = {isa = PBXBuildFile; fileRef = 7B999D0E15DB1E80006ECEDD /* InfoPlist.strings */; };
		7B999D1215DB1E80006ECEDD /* main.m in Sources */ = {isa = PBXBuildFile; fileRef = 7B999D1115DB1E80006ECEDD /* main.m */; };
		7B999D1615DB1E80006ECEDD /* AppDelegate.m in Sources */ = {isa = PBXBuildFile; fileRef = 7B999D1515DB1E80006ECEDD /* AppDelegate.m */; };
		7B999D1915DB1E80006ECEDD /* RunLog_iOS.xcdatamodeld in Sources */ = {isa = PBXBuildFile; fileRef = 7B999D1715DB1E80006ECEDD /* RunLog_iOS.xcdatamodeld */; };
		7B999D1C15DB1E80006ECEDD /* MasterViewController.m in Sources */ = {isa = PBXBuildFile; fileRef = 7B999D1B15DB1E80006ECEDD /* MasterViewController.m */; };
		7B999D1F15DB1E80006ECEDD /* DetailViewController.m in Sources */ = {isa = PBXBuildFile; fileRef = 7B999D1E15DB1E80006ECEDD /* DetailViewController.m */; };
		7B999D2215DB1E80006ECEDD /* MasterViewController.xib in Resources */ = {isa = PBXBuildFile; fileRef = 7B999D2015DB1E80006ECEDD /* MasterViewController.xib */; };
		7B999D2515DB1E80006ECEDD /* DetailViewController.xib in Resources */ = {isa = PBXBuildFile; fileRef = 7B999D2315DB1E80006ECEDD /* DetailViewController.xib */; };
		7B999DBA15DB2024006ECEDD /* .gitmodules in Resources */ = {isa = PBXBuildFile; fileRef = 7B999D2C15DB2024006ECEDD /* .gitmodules */; };
		7B999DBB15DB2024006ECEDD /* AFIncrementalStore.m in Sources */ = {isa = PBXBuildFile; fileRef = 7B999D2F15DB2024006ECEDD /* AFIncrementalStore.m */; };
		7B999DBC15DB2024006ECEDD /* AFRESTClient.m in Sources */ = {isa = PBXBuildFile; fileRef = 7B999D3115DB2024006ECEDD /* AFRESTClient.m */; };
		7B999DBD15DB2024006ECEDD /* AFIncrementalStore.podspec in Resources */ = {isa = PBXBuildFile; fileRef = 7B999D3215DB2024006ECEDD /* AFIncrementalStore.podspec */; };
		7B999DBE15DB2024006ECEDD /* AFHTTPClient.m in Sources */ = {isa = PBXBuildFile; fileRef = 7B999D3615DB2024006ECEDD /* AFHTTPClient.m */; settings = {COMPILER_FLAGS = "-fno-objc-arc"; }; };
		7B999DBF15DB2024006ECEDD /* AFHTTPRequestOperation.m in Sources */ = {isa = PBXBuildFile; fileRef = 7B999D3815DB2024006ECEDD /* AFHTTPRequestOperation.m */; settings = {COMPILER_FLAGS = "-fno-objc-arc"; }; };
		7B999DC015DB2024006ECEDD /* AFImageRequestOperation.m in Sources */ = {isa = PBXBuildFile; fileRef = 7B999D3A15DB2024006ECEDD /* AFImageRequestOperation.m */; settings = {COMPILER_FLAGS = "-fno-objc-arc"; }; };
		7B999DC115DB2024006ECEDD /* AFJSONRequestOperation.m in Sources */ = {isa = PBXBuildFile; fileRef = 7B999D3C15DB2024006ECEDD /* AFJSONRequestOperation.m */; settings = {COMPILER_FLAGS = "-fno-objc-arc"; }; };
		7B999DC215DB2024006ECEDD /* AFJSONUtilities.m in Sources */ = {isa = PBXBuildFile; fileRef = 7B999D3E15DB2024006ECEDD /* AFJSONUtilities.m */; settings = {COMPILER_FLAGS = "-fno-objc-arc"; }; };
		7B999DC315DB2024006ECEDD /* AFNetworkActivityIndicatorManager.m in Sources */ = {isa = PBXBuildFile; fileRef = 7B999D4015DB2024006ECEDD /* AFNetworkActivityIndicatorManager.m */; settings = {COMPILER_FLAGS = "-fno-objc-arc"; }; };
		7B999DC415DB2024006ECEDD /* AFPropertyListRequestOperation.m in Sources */ = {isa = PBXBuildFile; fileRef = 7B999D4315DB2024006ECEDD /* AFPropertyListRequestOperation.m */; settings = {COMPILER_FLAGS = "-fno-objc-arc"; }; };
		7B999DC515DB2024006ECEDD /* AFURLConnectionOperation.m in Sources */ = {isa = PBXBuildFile; fileRef = 7B999D4515DB2024006ECEDD /* AFURLConnectionOperation.m */; settings = {COMPILER_FLAGS = "-fno-objc-arc"; }; };
		7B999DC615DB2024006ECEDD /* AFXMLRequestOperation.m in Sources */ = {isa = PBXBuildFile; fileRef = 7B999D4715DB2024006ECEDD /* AFXMLRequestOperation.m */; settings = {COMPILER_FLAGS = "-fno-objc-arc"; }; };
		7B999DC715DB2024006ECEDD /* UIImageView+AFNetworking.m in Sources */ = {isa = PBXBuildFile; fileRef = 7B999D4915DB2024006ECEDD /* UIImageView+AFNetworking.m */; settings = {COMPILER_FLAGS = "-fno-objc-arc"; }; };
		7B999DC815DB2024006ECEDD /* AFNetworking.podspec in Resources */ = {isa = PBXBuildFile; fileRef = 7B999D4A15DB2024006ECEDD /* AFNetworking.podspec */; };
		7B999DC915DB2024006ECEDD /* AFNetworking.xcworkspace in Resources */ = {isa = PBXBuildFile; fileRef = 7B999D4B15DB2024006ECEDD /* AFNetworking.xcworkspace */; };
		7B999DCA15DB2024006ECEDD /* CHANGES in Resources */ = {isa = PBXBuildFile; fileRef = 7B999D4C15DB2024006ECEDD /* CHANGES */; };
		7B999DDC15DB2024006ECEDD /* LICENSE in Resources */ = {isa = PBXBuildFile; fileRef = 7B999D7215DB2024006ECEDD /* LICENSE */; };
		7B999DDD15DB2024006ECEDD /* README.md in Resources */ = {isa = PBXBuildFile; fileRef = 7B999D7315DB2024006ECEDD /* README.md */; };
		7B999DF415DB2024006ECEDD /* LICENSE in Resources */ = {isa = PBXBuildFile; fileRef = 7B999DA815DB2024006ECEDD /* LICENSE */; };
		7B999DF515DB2024006ECEDD /* README.md in Resources */ = {isa = PBXBuildFile; fileRef = 7B999DA915DB2024006ECEDD /* README.md */; };
		7B999E0415DB20F9006ECEDD /* RunLogAPIClient.m in Sources */ = {isa = PBXBuildFile; fileRef = 7B999E0315DB20F9006ECEDD /* RunLogAPIClient.m */; };
		7B999E1515DCCE6D006ECEDD /* RunLogIncrementalStore.m in Sources */ = {isa = PBXBuildFile; fileRef = 7B999E1415DCCE6D006ECEDD /* RunLogIncrementalStore.m */; };
		7B999E1A15DD7DE1006ECEDD /* Log in Resources */ = {isa = PBXBuildFile; fileRef = 7B999E1915DD7DE1006ECEDD /* Log */; };
		7B999E2015DD9F1A006ECEDD /* Run.m in Sources */ = {isa = PBXBuildFile; fileRef = 7B999E1F15DD9F1A006ECEDD /* Run.m */; };
		7B999E2715DDBF6A006ECEDD /* NewRunViewController.xib in Resources */ = {isa = PBXBuildFile; fileRef = 7B999E2515DDBF6A006ECEDD /* NewRunViewController.xib */; };
/* End PBXBuildFile section */

/* Begin PBXFileReference section */
		7B999CFF15DB1E80006ECEDD /* RunLog-iOS.app */ = {isa = PBXFileReference; explicitFileType = wrapper.application; includeInIndex = 0; path = "RunLog-iOS.app"; sourceTree = BUILT_PRODUCTS_DIR; };
		7B999D0315DB1E80006ECEDD /* UIKit.framework */ = {isa = PBXFileReference; lastKnownFileType = wrapper.framework; name = UIKit.framework; path = System/Library/Frameworks/UIKit.framework; sourceTree = SDKROOT; };
		7B999D0515DB1E80006ECEDD /* Foundation.framework */ = {isa = PBXFileReference; lastKnownFileType = wrapper.framework; name = Foundation.framework; path = System/Library/Frameworks/Foundation.framework; sourceTree = SDKROOT; };
		7B999D0715DB1E80006ECEDD /* CoreGraphics.framework */ = {isa = PBXFileReference; lastKnownFileType = wrapper.framework; name = CoreGraphics.framework; path = System/Library/Frameworks/CoreGraphics.framework; sourceTree = SDKROOT; };
		7B999D0915DB1E80006ECEDD /* CoreData.framework */ = {isa = PBXFileReference; lastKnownFileType = wrapper.framework; name = CoreData.framework; path = System/Library/Frameworks/CoreData.framework; sourceTree = SDKROOT; };
		7B999D0D15DB1E80006ECEDD /* RunLog-iOS-Info.plist */ = {isa = PBXFileReference; lastKnownFileType = text.plist.xml; path = "RunLog-iOS-Info.plist"; sourceTree = "<group>"; };
		7B999D0F15DB1E80006ECEDD /* en */ = {isa = PBXFileReference; lastKnownFileType = text.plist.strings; name = en; path = en.lproj/InfoPlist.strings; sourceTree = "<group>"; };
		7B999D1115DB1E80006ECEDD /* main.m */ = {isa = PBXFileReference; lastKnownFileType = sourcecode.c.objc; path = main.m; sourceTree = "<group>"; };
		7B999D1315DB1E80006ECEDD /* RunLog-iOS-Prefix.pch */ = {isa = PBXFileReference; lastKnownFileType = sourcecode.c.h; path = "RunLog-iOS-Prefix.pch"; sourceTree = "<group>"; };
		7B999D1415DB1E80006ECEDD /* AppDelegate.h */ = {isa = PBXFileReference; lastKnownFileType = sourcecode.c.h; path = AppDelegate.h; sourceTree = "<group>"; };
		7B999D1515DB1E80006ECEDD /* AppDelegate.m */ = {isa = PBXFileReference; lastKnownFileType = sourcecode.c.objc; path = AppDelegate.m; sourceTree = "<group>"; };
		7B999D1815DB1E80006ECEDD /* RunLog_iOS.xcdatamodel */ = {isa = PBXFileReference; lastKnownFileType = wrapper.xcdatamodel; path = RunLog_iOS.xcdatamodel; sourceTree = "<group>"; };
		7B999D1A15DB1E80006ECEDD /* MasterViewController.h */ = {isa = PBXFileReference; lastKnownFileType = sourcecode.c.h; path = MasterViewController.h; sourceTree = "<group>"; };
		7B999D1B15DB1E80006ECEDD /* MasterViewController.m */ = {isa = PBXFileReference; lastKnownFileType = sourcecode.c.objc; path = MasterViewController.m; sourceTree = "<group>"; };
		7B999D1D15DB1E80006ECEDD /* DetailViewController.h */ = {isa = PBXFileReference; lastKnownFileType = sourcecode.c.h; path = DetailViewController.h; sourceTree = "<group>"; };
		7B999D1E15DB1E80006ECEDD /* DetailViewController.m */ = {isa = PBXFileReference; lastKnownFileType = sourcecode.c.objc; path = DetailViewController.m; sourceTree = "<group>"; };
		7B999D2115DB1E80006ECEDD /* en */ = {isa = PBXFileReference; lastKnownFileType = file.xib; name = en; path = en.lproj/MasterViewController.xib; sourceTree = "<group>"; };
		7B999D2415DB1E80006ECEDD /* en */ = {isa = PBXFileReference; lastKnownFileType = file.xib; name = en; path = en.lproj/DetailViewController.xib; sourceTree = "<group>"; };
		7B999D2C15DB2024006ECEDD /* .gitmodules */ = {isa = PBXFileReference; fileEncoding = 4; lastKnownFileType = text; path = .gitmodules; sourceTree = "<group>"; };
		7B999D2E15DB2024006ECEDD /* AFIncrementalStore.h */ = {isa = PBXFileReference; fileEncoding = 4; lastKnownFileType = sourcecode.c.h; path = AFIncrementalStore.h; sourceTree = "<group>"; };
		7B999D2F15DB2024006ECEDD /* AFIncrementalStore.m */ = {isa = PBXFileReference; fileEncoding = 4; lastKnownFileType = sourcecode.c.objc; path = AFIncrementalStore.m; sourceTree = "<group>"; };
		7B999D3015DB2024006ECEDD /* AFRESTClient.h */ = {isa = PBXFileReference; fileEncoding = 4; lastKnownFileType = sourcecode.c.h; path = AFRESTClient.h; sourceTree = "<group>"; };
		7B999D3115DB2024006ECEDD /* AFRESTClient.m */ = {isa = PBXFileReference; fileEncoding = 4; lastKnownFileType = sourcecode.c.objc; path = AFRESTClient.m; sourceTree = "<group>"; };
		7B999D3215DB2024006ECEDD /* AFIncrementalStore.podspec */ = {isa = PBXFileReference; fileEncoding = 4; lastKnownFileType = text; path = AFIncrementalStore.podspec; sourceTree = "<group>"; };
		7B999D3515DB2024006ECEDD /* AFHTTPClient.h */ = {isa = PBXFileReference; fileEncoding = 4; lastKnownFileType = sourcecode.c.h; path = AFHTTPClient.h; sourceTree = "<group>"; };
		7B999D3615DB2024006ECEDD /* AFHTTPClient.m */ = {isa = PBXFileReference; fileEncoding = 4; lastKnownFileType = sourcecode.c.objc; path = AFHTTPClient.m; sourceTree = "<group>"; };
		7B999D3715DB2024006ECEDD /* AFHTTPRequestOperation.h */ = {isa = PBXFileReference; fileEncoding = 4; lastKnownFileType = sourcecode.c.h; path = AFHTTPRequestOperation.h; sourceTree = "<group>"; };
		7B999D3815DB2024006ECEDD /* AFHTTPRequestOperation.m */ = {isa = PBXFileReference; fileEncoding = 4; lastKnownFileType = sourcecode.c.objc; path = AFHTTPRequestOperation.m; sourceTree = "<group>"; };
		7B999D3915DB2024006ECEDD /* AFImageRequestOperation.h */ = {isa = PBXFileReference; fileEncoding = 4; lastKnownFileType = sourcecode.c.h; path = AFImageRequestOperation.h; sourceTree = "<group>"; };
		7B999D3A15DB2024006ECEDD /* AFImageRequestOperation.m */ = {isa = PBXFileReference; fileEncoding = 4; lastKnownFileType = sourcecode.c.objc; path = AFImageRequestOperation.m; sourceTree = "<group>"; };
		7B999D3B15DB2024006ECEDD /* AFJSONRequestOperation.h */ = {isa = PBXFileReference; fileEncoding = 4; lastKnownFileType = sourcecode.c.h; path = AFJSONRequestOperation.h; sourceTree = "<group>"; };
		7B999D3C15DB2024006ECEDD /* AFJSONRequestOperation.m */ = {isa = PBXFileReference; fileEncoding = 4; lastKnownFileType = sourcecode.c.objc; path = AFJSONRequestOperation.m; sourceTree = "<group>"; };
		7B999D3D15DB2024006ECEDD /* AFJSONUtilities.h */ = {isa = PBXFileReference; fileEncoding = 4; lastKnownFileType = sourcecode.c.h; path = AFJSONUtilities.h; sourceTree = "<group>"; };
		7B999D3E15DB2024006ECEDD /* AFJSONUtilities.m */ = {isa = PBXFileReference; fileEncoding = 4; lastKnownFileType = sourcecode.c.objc; path = AFJSONUtilities.m; sourceTree = "<group>"; };
		7B999D3F15DB2024006ECEDD /* AFNetworkActivityIndicatorManager.h */ = {isa = PBXFileReference; fileEncoding = 4; lastKnownFileType = sourcecode.c.h; path = AFNetworkActivityIndicatorManager.h; sourceTree = "<group>"; };
		7B999D4015DB2024006ECEDD /* AFNetworkActivityIndicatorManager.m */ = {isa = PBXFileReference; fileEncoding = 4; lastKnownFileType = sourcecode.c.objc; path = AFNetworkActivityIndicatorManager.m; sourceTree = "<group>"; };
		7B999D4115DB2024006ECEDD /* AFNetworking.h */ = {isa = PBXFileReference; fileEncoding = 4; lastKnownFileType = sourcecode.c.h; path = AFNetworking.h; sourceTree = "<group>"; };
		7B999D4215DB2024006ECEDD /* AFPropertyListRequestOperation.h */ = {isa = PBXFileReference; fileEncoding = 4; lastKnownFileType = sourcecode.c.h; path = AFPropertyListRequestOperation.h; sourceTree = "<group>"; };
		7B999D4315DB2024006ECEDD /* AFPropertyListRequestOperation.m */ = {isa = PBXFileReference; fileEncoding = 4; lastKnownFileType = sourcecode.c.objc; path = AFPropertyListRequestOperation.m; sourceTree = "<group>"; };
		7B999D4415DB2024006ECEDD /* AFURLConnectionOperation.h */ = {isa = PBXFileReference; fileEncoding = 4; lastKnownFileType = sourcecode.c.h; path = AFURLConnectionOperation.h; sourceTree = "<group>"; };
		7B999D4515DB2024006ECEDD /* AFURLConnectionOperation.m */ = {isa = PBXFileReference; fileEncoding = 4; lastKnownFileType = sourcecode.c.objc; path = AFURLConnectionOperation.m; sourceTree = "<group>"; };
		7B999D4615DB2024006ECEDD /* AFXMLRequestOperation.h */ = {isa = PBXFileReference; fileEncoding = 4; lastKnownFileType = sourcecode.c.h; path = AFXMLRequestOperation.h; sourceTree = "<group>"; };
		7B999D4715DB2024006ECEDD /* AFXMLRequestOperation.m */ = {isa = PBXFileReference; fileEncoding = 4; lastKnownFileType = sourcecode.c.objc; path = AFXMLRequestOperation.m; sourceTree = "<group>"; };
		7B999D4815DB2024006ECEDD /* UIImageView+AFNetworking.h */ = {isa = PBXFileReference; fileEncoding = 4; lastKnownFileType = sourcecode.c.h; path = "UIImageView+AFNetworking.h"; sourceTree = "<group>"; };
		7B999D4915DB2024006ECEDD /* UIImageView+AFNetworking.m */ = {isa = PBXFileReference; fileEncoding = 4; lastKnownFileType = sourcecode.c.objc; path = "UIImageView+AFNetworking.m"; sourceTree = "<group>"; };
		7B999D4A15DB2024006ECEDD /* AFNetworking.podspec */ = {isa = PBXFileReference; fileEncoding = 4; lastKnownFileType = text; path = AFNetworking.podspec; sourceTree = "<group>"; };
		7B999D4B15DB2024006ECEDD /* AFNetworking.xcworkspace */ = {isa = PBXFileReference; lastKnownFileType = wrapper.workspace; path = AFNetworking.xcworkspace; sourceTree = "<group>"; };
		7B999D4C15DB2024006ECEDD /* CHANGES */ = {isa = PBXFileReference; fileEncoding = 4; lastKnownFileType = text; path = CHANGES; sourceTree = "<group>"; };
		7B999D7215DB2024006ECEDD /* LICENSE */ = {isa = PBXFileReference; fileEncoding = 4; lastKnownFileType = text; path = LICENSE; sourceTree = "<group>"; };
		7B999D7315DB2024006ECEDD /* README.md */ = {isa = PBXFileReference; fileEncoding = 4; lastKnownFileType = text; path = README.md; sourceTree = "<group>"; };
		7B999DA815DB2024006ECEDD /* LICENSE */ = {isa = PBXFileReference; fileEncoding = 4; lastKnownFileType = text; path = LICENSE; sourceTree = "<group>"; };
		7B999DA915DB2024006ECEDD /* README.md */ = {isa = PBXFileReference; fileEncoding = 4; lastKnownFileType = text; path = README.md; sourceTree = "<group>"; };
		7B999E0215DB20F9006ECEDD /* RunLogAPIClient.h */ = {isa = PBXFileReference; fileEncoding = 4; lastKnownFileType = sourcecode.c.h; path = RunLogAPIClient.h; sourceTree = "<group>"; };
		7B999E0315DB20F9006ECEDD /* RunLogAPIClient.m */ = {isa = PBXFileReference; fileEncoding = 4; lastKnownFileType = sourcecode.c.objc; path = RunLogAPIClient.m; sourceTree = "<group>"; };
		7B999E1315DCCE6D006ECEDD /* RunLogIncrementalStore.h */ = {isa = PBXFileReference; fileEncoding = 4; lastKnownFileType = sourcecode.c.h; name = RunLogIncrementalStore.h; path = ../RunLogIncrementalStore.h; sourceTree = "<group>"; };
		7B999E1415DCCE6D006ECEDD /* RunLogIncrementalStore.m */ = {isa = PBXFileReference; fileEncoding = 4; lastKnownFileType = sourcecode.c.objc; name = RunLogIncrementalStore.m; path = ../RunLogIncrementalStore.m; sourceTree = "<group>"; };
		7B999E1915DD7DE1006ECEDD /* Log */ = {isa = PBXFileReference; fileEncoding = 4; lastKnownFileType = text; path = Log; sourceTree = "<group>"; };
		7B999E1E15DD9F1A006ECEDD /* Run.h */ = {isa = PBXFileReference; fileEncoding = 4; lastKnownFileType = sourcecode.c.h; path = Run.h; sourceTree = "<group>"; };
		7B999E1F15DD9F1A006ECEDD /* Run.m */ = {isa = PBXFileReference; fileEncoding = 4; lastKnownFileType = sourcecode.c.objc; path = Run.m; sourceTree = "<group>"; };
		7B999E2215DDBF69006ECEDD /* en */ = {isa = PBXFileReference; lastKnownFileType = sourcecode.c.h; name = en; path = en.lproj/NewRunViewController.h; sourceTree = "<group>"; };
		7B999E2415DDBF6A006ECEDD /* en */ = {isa = PBXFileReference; lastKnownFileType = sourcecode.c.objc; name = en; path = en.lproj/NewRunViewController.m; sourceTree = "<group>"; };
		7B999E2615DDBF6A006ECEDD /* en */ = {isa = PBXFileReference; lastKnownFileType = file.xib; name = en; path = en.lproj/NewRunViewController.xib; sourceTree = "<group>"; };
/* End PBXFileReference section */

/* Begin PBXFrameworksBuildPhase section */
		7B999CFC15DB1E80006ECEDD /* Frameworks */ = {
			isa = PBXFrameworksBuildPhase;
			buildActionMask = 2147483647;
			files = (
				7B999D0415DB1E80006ECEDD /* UIKit.framework in Frameworks */,
				7B999D0615DB1E80006ECEDD /* Foundation.framework in Frameworks */,
				7B999D0815DB1E80006ECEDD /* CoreGraphics.framework in Frameworks */,
				7B999D0A15DB1E80006ECEDD /* CoreData.framework in Frameworks */,
			);
			runOnlyForDeploymentPostprocessing = 0;
		};
/* End PBXFrameworksBuildPhase section */

/* Begin PBXGroup section */
		7B999CF415DB1E80006ECEDD = {
			isa = PBXGroup;
			children = (
				7B999D0B15DB1E80006ECEDD /* RunLog-iOS */,
				7B999D0215DB1E80006ECEDD /* Frameworks */,
				7B999D0015DB1E80006ECEDD /* Products */,
			);
			sourceTree = "<group>";
		};
		7B999D0015DB1E80006ECEDD /* Products */ = {
			isa = PBXGroup;
			children = (
				7B999CFF15DB1E80006ECEDD /* RunLog-iOS.app */,
			);
			name = Products;
			sourceTree = "<group>";
		};
		7B999D0215DB1E80006ECEDD /* Frameworks */ = {
			isa = PBXGroup;
			children = (
				7B999D2B15DB2024006ECEDD /* AFIncrementalStore */,
				7B999D0315DB1E80006ECEDD /* UIKit.framework */,
				7B999D0515DB1E80006ECEDD /* Foundation.framework */,
				7B999D0715DB1E80006ECEDD /* CoreGraphics.framework */,
				7B999D0915DB1E80006ECEDD /* CoreData.framework */,
			);
			name = Frameworks;
			sourceTree = "<group>";
		};
		7B999D0B15DB1E80006ECEDD /* RunLog-iOS */ = {
			isa = PBXGroup;
			children = (
				7B999E1915DD7DE1006ECEDD /* Log */,
				7B999E1215DB31C6006ECEDD /* View */,
				7B999E1115DB31B6006ECEDD /* Controller */,
				7B999E1015DB31AC006ECEDD /* Model */,
				7B999D0C15DB1E80006ECEDD /* Supporting Files */,
			);
			path = "RunLog-iOS";
			sourceTree = "<group>";
		};
		7B999D0C15DB1E80006ECEDD /* Supporting Files */ = {
			isa = PBXGroup;
			children = (
				7B999D0D15DB1E80006ECEDD /* RunLog-iOS-Info.plist */,
				7B999D0E15DB1E80006ECEDD /* InfoPlist.strings */,
				7B999D1115DB1E80006ECEDD /* main.m */,
				7B999D1315DB1E80006ECEDD /* RunLog-iOS-Prefix.pch */,
			);
			name = "Supporting Files";
			sourceTree = "<group>";
		};
		7B999D2B15DB2024006ECEDD /* AFIncrementalStore */ = {
			isa = PBXGroup;
			children = (
				7B999D2C15DB2024006ECEDD /* .gitmodules */,
				7B999D2D15DB2024006ECEDD /* AFIncrementalStore */,
				7B999D3215DB2024006ECEDD /* AFIncrementalStore.podspec */,
				7B999D3315DB2024006ECEDD /* AFNetworking */,
				7B999DA815DB2024006ECEDD /* LICENSE */,
				7B999DA915DB2024006ECEDD /* README.md */,
			);
			path = AFIncrementalStore;
			sourceTree = "<group>";
		};
		7B999D2D15DB2024006ECEDD /* AFIncrementalStore */ = {
			isa = PBXGroup;
			children = (
				7B999D2E15DB2024006ECEDD /* AFIncrementalStore.h */,
				7B999D2F15DB2024006ECEDD /* AFIncrementalStore.m */,
				7B999D3015DB2024006ECEDD /* AFRESTClient.h */,
				7B999D3115DB2024006ECEDD /* AFRESTClient.m */,
			);
			path = AFIncrementalStore;
			sourceTree = "<group>";
		};
		7B999D3315DB2024006ECEDD /* AFNetworking */ = {
			isa = PBXGroup;
			children = (
				7B999D3415DB2024006ECEDD /* AFNetworking */,
				7B999D4A15DB2024006ECEDD /* AFNetworking.podspec */,
				7B999D4B15DB2024006ECEDD /* AFNetworking.xcworkspace */,
				7B999D4C15DB2024006ECEDD /* CHANGES */,
				7B999D7215DB2024006ECEDD /* LICENSE */,
				7B999D7315DB2024006ECEDD /* README.md */,
			);
			path = AFNetworking;
			sourceTree = "<group>";
		};
		7B999D3415DB2024006ECEDD /* AFNetworking */ = {
			isa = PBXGroup;
			children = (
				7B999D3515DB2024006ECEDD /* AFHTTPClient.h */,
				7B999D3615DB2024006ECEDD /* AFHTTPClient.m */,
				7B999D3715DB2024006ECEDD /* AFHTTPRequestOperation.h */,
				7B999D3815DB2024006ECEDD /* AFHTTPRequestOperation.m */,
				7B999D3915DB2024006ECEDD /* AFImageRequestOperation.h */,
				7B999D3A15DB2024006ECEDD /* AFImageRequestOperation.m */,
				7B999D3B15DB2024006ECEDD /* AFJSONRequestOperation.h */,
				7B999D3C15DB2024006ECEDD /* AFJSONRequestOperation.m */,
				7B999D3D15DB2024006ECEDD /* AFJSONUtilities.h */,
				7B999D3E15DB2024006ECEDD /* AFJSONUtilities.m */,
				7B999D3F15DB2024006ECEDD /* AFNetworkActivityIndicatorManager.h */,
				7B999D4015DB2024006ECEDD /* AFNetworkActivityIndicatorManager.m */,
				7B999D4115DB2024006ECEDD /* AFNetworking.h */,
				7B999D4215DB2024006ECEDD /* AFPropertyListRequestOperation.h */,
				7B999D4315DB2024006ECEDD /* AFPropertyListRequestOperation.m */,
				7B999D4415DB2024006ECEDD /* AFURLConnectionOperation.h */,
				7B999D4515DB2024006ECEDD /* AFURLConnectionOperation.m */,
				7B999D4615DB2024006ECEDD /* AFXMLRequestOperation.h */,
				7B999D4715DB2024006ECEDD /* AFXMLRequestOperation.m */,
				7B999D4815DB2024006ECEDD /* UIImageView+AFNetworking.h */,
				7B999D4915DB2024006ECEDD /* UIImageView+AFNetworking.m */,
			);
			path = AFNetworking;
			sourceTree = "<group>";
		};
		7B999E0F15DB3196006ECEDD /* AFIncrementalStore */ = {
			isa = PBXGroup;
			children = (
				7B999E1315DCCE6D006ECEDD /* RunLogIncrementalStore.h */,
				7B999E1415DCCE6D006ECEDD /* RunLogIncrementalStore.m */,
				7B999E0215DB20F9006ECEDD /* RunLogAPIClient.h */,
				7B999E0315DB20F9006ECEDD /* RunLogAPIClient.m */,
			);
			name = AFIncrementalStore;
			sourceTree = "<group>";
		};
		7B999E1015DB31AC006ECEDD /* Model */ = {
			isa = PBXGroup;
			children = (
				7B999E1E15DD9F1A006ECEDD /* Run.h */,
				7B999E1F15DD9F1A006ECEDD /* Run.m */,
				7B999D1715DB1E80006ECEDD /* RunLog_iOS.xcdatamodeld */,
			);
			name = Model;
			sourceTree = "<group>";
		};
		7B999E1115DB31B6006ECEDD /* Controller */ = {
			isa = PBXGroup;
			children = (
				7B999E2115DDBF69006ECEDD /* NewRunViewController.h */,
				7B999E2315DDBF69006ECEDD /* NewRunViewController.m */,
				7B999E0F15DB3196006ECEDD /* AFIncrementalStore */,
				7B999D1415DB1E80006ECEDD /* AppDelegate.h */,
				7B999D1515DB1E80006ECEDD /* AppDelegate.m */,
				7B999D1A15DB1E80006ECEDD /* MasterViewController.h */,
				7B999D1B15DB1E80006ECEDD /* MasterViewController.m */,
				7B999D1D15DB1E80006ECEDD /* DetailViewController.h */,
				7B999D1E15DB1E80006ECEDD /* DetailViewController.m */,
			);
			name = Controller;
			sourceTree = "<group>";
		};
		7B999E1215DB31C6006ECEDD /* View */ = {
			isa = PBXGroup;
			children = (
				7B999D2015DB1E80006ECEDD /* MasterViewController.xib */,
				7B999D2315DB1E80006ECEDD /* DetailViewController.xib */,
				7B999E2515DDBF6A006ECEDD /* NewRunViewController.xib */,
			);
			name = View;
			sourceTree = "<group>";
		};
/* End PBXGroup section */

/* Begin PBXNativeTarget section */
		7B999CFE15DB1E80006ECEDD /* RunLog-iOS */ = {
			isa = PBXNativeTarget;
			buildConfigurationList = 7B999D2815DB1E80006ECEDD /* Build configuration list for PBXNativeTarget "RunLog-iOS" */;
			buildPhases = (
				7B999CFB15DB1E80006ECEDD /* Sources */,
				7B999CFC15DB1E80006ECEDD /* Frameworks */,
				7B999CFD15DB1E80006ECEDD /* Resources */,
			);
			buildRules = (
			);
			dependencies = (
			);
			name = "RunLog-iOS";
			productName = "RunLog-iOS";
			productReference = 7B999CFF15DB1E80006ECEDD /* RunLog-iOS.app */;
			productType = "com.apple.product-type.application";
		};
/* End PBXNativeTarget section */

/* Begin PBXProject section */
		7B999CF615DB1E80006ECEDD /* Project object */ = {
			isa = PBXProject;
			attributes = {
				LastUpgradeCheck = 0440;
				ORGANIZATIONNAME = "Bixby Apps";
			};
			buildConfigurationList = 7B999CF915DB1E80006ECEDD /* Build configuration list for PBXProject "RunLog-iOS" */;
			compatibilityVersion = "Xcode 3.2";
			developmentRegion = English;
			hasScannedForEncodings = 0;
			knownRegions = (
				en,
			);
			mainGroup = 7B999CF415DB1E80006ECEDD;
			productRefGroup = 7B999D0015DB1E80006ECEDD /* Products */;
			projectDirPath = "";
			projectRoot = "";
			targets = (
				7B999CFE15DB1E80006ECEDD /* RunLog-iOS */,
			);
		};
/* End PBXProject section */

/* Begin PBXResourcesBuildPhase section */
		7B999CFD15DB1E80006ECEDD /* Resources */ = {
			isa = PBXResourcesBuildPhase;
			buildActionMask = 2147483647;
			files = (
				7B999D1015DB1E80006ECEDD /* InfoPlist.strings in Resources */,
				7B999D2215DB1E80006ECEDD /* MasterViewController.xib in Resources */,
				7B999D2515DB1E80006ECEDD /* DetailViewController.xib in Resources */,
				7B999DBA15DB2024006ECEDD /* .gitmodules in Resources */,
				7B999DBD15DB2024006ECEDD /* AFIncrementalStore.podspec in Resources */,
				7B999DC815DB2024006ECEDD /* AFNetworking.podspec in Resources */,
				7B999DC915DB2024006ECEDD /* AFNetworking.xcworkspace in Resources */,
				7B999DCA15DB2024006ECEDD /* CHANGES in Resources */,
				7B999DDC15DB2024006ECEDD /* LICENSE in Resources */,
				7B999DDD15DB2024006ECEDD /* README.md in Resources */,
				7B999DF415DB2024006ECEDD /* LICENSE in Resources */,
				7B999DF515DB2024006ECEDD /* README.md in Resources */,
				7B999E1A15DD7DE1006ECEDD /* Log in Resources */,
				7B999E2715DDBF6A006ECEDD /* NewRunViewController.xib in Resources */,
			);
			runOnlyForDeploymentPostprocessing = 0;
		};
/* End PBXResourcesBuildPhase section */

/* Begin PBXSourcesBuildPhase section */
		7B999CFB15DB1E80006ECEDD /* Sources */ = {
			isa = PBXSourcesBuildPhase;
			buildActionMask = 2147483647;
			files = (
				7B999D1215DB1E80006ECEDD /* main.m in Sources */,
				7B999D1615DB1E80006ECEDD /* AppDelegate.m in Sources */,
				7B999D1915DB1E80006ECEDD /* RunLog_iOS.xcdatamodeld in Sources */,
				7B999D1C15DB1E80006ECEDD /* MasterViewController.m in Sources */,
				7B999D1F15DB1E80006ECEDD /* DetailViewController.m in Sources */,
				7B999DBB15DB2024006ECEDD /* AFIncrementalStore.m in Sources */,
				7B999DBC15DB2024006ECEDD /* AFRESTClient.m in Sources */,
				7B999DBE15DB2024006ECEDD /* AFHTTPClient.m in Sources */,
				7B999DBF15DB2024006ECEDD /* AFHTTPRequestOperation.m in Sources */,
				7B999DC015DB2024006ECEDD /* AFImageRequestOperation.m in Sources */,
				7B999DC115DB2024006ECEDD /* AFJSONRequestOperation.m in Sources */,
				7B999DC215DB2024006ECEDD /* AFJSONUtilities.m in Sources */,
				7B999DC315DB2024006ECEDD /* AFNetworkActivityIndicatorManager.m in Sources */,
				7B999DC415DB2024006ECEDD /* AFPropertyListRequestOperation.m in Sources */,
				7B999DC515DB2024006ECEDD /* AFURLConnectionOperation.m in Sources */,
				7B999DC615DB2024006ECEDD /* AFXMLRequestOperation.m in Sources */,
				7B999DC715DB2024006ECEDD /* UIImageView+AFNetworking.m in Sources */,
				7B999E0415DB20F9006ECEDD /* RunLogAPIClient.m in Sources */,
				7B999E1515DCCE6D006ECEDD /* RunLogIncrementalStore.m in Sources */,
				7B999E2015DD9F1A006ECEDD /* Run.m in Sources */,
			);
			runOnlyForDeploymentPostprocessing = 0;
		};
/* End PBXSourcesBuildPhase section */

/* Begin PBXVariantGroup section */
		7B999D0E15DB1E80006ECEDD /* InfoPlist.strings */ = {
			isa = PBXVariantGroup;
			children = (
				7B999D0F15DB1E80006ECEDD /* en */,
			);
			name = InfoPlist.strings;
			sourceTree = "<group>";
		};
		7B999D2015DB1E80006ECEDD /* MasterViewController.xib */ = {
			isa = PBXVariantGroup;
			children = (
				7B999D2115DB1E80006ECEDD /* en */,
			);
			name = MasterViewController.xib;
			sourceTree = "<group>";
		};
		7B999D2315DB1E80006ECEDD /* DetailViewController.xib */ = {
			isa = PBXVariantGroup;
			children = (
				7B999D2415DB1E80006ECEDD /* en */,
			);
			name = DetailViewController.xib;
			sourceTree = "<group>";
		};
		7B999E2115DDBF69006ECEDD /* NewRunViewController.h */ = {
			isa = PBXVariantGroup;
			children = (
				7B999E2215DDBF69006ECEDD /* en */,
			);
			name = NewRunViewController.h;
			sourceTree = "<group>";
		};
		7B999E2315DDBF69006ECEDD /* NewRunViewController.m */ = {
			isa = PBXVariantGroup;
			children = (
				7B999E2415DDBF6A006ECEDD /* en */,
			);
			name = NewRunViewController.m;
			sourceTree = "<group>";
		};
		7B999E2515DDBF6A006ECEDD /* NewRunViewController.xib */ = {
			isa = PBXVariantGroup;
			children = (
				7B999E2615DDBF6A006ECEDD /* en */,
			);
			name = NewRunViewController.xib;
			sourceTree = "<group>";
		};
/* End PBXVariantGroup section */

/* Begin XCBuildConfiguration section */
		7B999D2615DB1E80006ECEDD /* Debug */ = {
			isa = XCBuildConfiguration;
			buildSettings = {
				ALWAYS_SEARCH_USER_PATHS = NO;
				ARCHS = "$(ARCHS_STANDARD_32_BIT)";
				CLANG_CXX_LANGUAGE_STANDARD = "gnu++0x";
				CLANG_ENABLE_OBJC_ARC = YES;
				CLANG_WARN__DUPLICATE_METHOD_MATCH = YES;
				"CODE_SIGN_IDENTITY[sdk=iphoneos*]" = "iPhone Developer";
				COPY_PHASE_STRIP = NO;
				GCC_C_LANGUAGE_STANDARD = gnu99;
				GCC_DYNAMIC_NO_PIC = NO;
				GCC_OPTIMIZATION_LEVEL = 0;
				GCC_PREPROCESSOR_DEFINITIONS = (
					"DEBUG=1",
					"$(inherited)",
				);
				GCC_SYMBOLS_PRIVATE_EXTERN = NO;
				GCC_VERSION = com.apple.compilers.llvm.clang.1_0;
				GCC_WARN_ABOUT_RETURN_TYPE = YES;
				GCC_WARN_UNINITIALIZED_AUTOS = YES;
				GCC_WARN_UNUSED_VARIABLE = YES;
				IPHONEOS_DEPLOYMENT_TARGET = 5.1;
				SDKROOT = iphoneos;
			};
			name = Debug;
		};
		7B999D2715DB1E80006ECEDD /* Release */ = {
			isa = XCBuildConfiguration;
			buildSettings = {
				ALWAYS_SEARCH_USER_PATHS = NO;
				ARCHS = "$(ARCHS_STANDARD_32_BIT)";
				CLANG_CXX_LANGUAGE_STANDARD = "gnu++0x";
				CLANG_ENABLE_OBJC_ARC = YES;
				CLANG_WARN__DUPLICATE_METHOD_MATCH = YES;
				"CODE_SIGN_IDENTITY[sdk=iphoneos*]" = "iPhone Developer";
				COPY_PHASE_STRIP = YES;
				GCC_C_LANGUAGE_STANDARD = gnu99;
				GCC_VERSION = com.apple.compilers.llvm.clang.1_0;
				GCC_WARN_ABOUT_RETURN_TYPE = YES;
				GCC_WARN_UNINITIALIZED_AUTOS = YES;
				GCC_WARN_UNUSED_VARIABLE = YES;
				IPHONEOS_DEPLOYMENT_TARGET = 5.1;
				OTHER_CFLAGS = "-DNS_BLOCK_ASSERTIONS=1";
				SDKROOT = iphoneos;
				VALIDATE_PRODUCT = YES;
			};
			name = Release;
		};
		7B999D2915DB1E80006ECEDD /* Debug */ = {
			isa = XCBuildConfiguration;
			buildSettings = {
				GCC_PRECOMPILE_PREFIX_HEADER = YES;
				GCC_PREFIX_HEADER = "RunLog-iOS/RunLog-iOS-Prefix.pch";
				INFOPLIST_FILE = "RunLog-iOS/RunLog-iOS-Info.plist";
				PRODUCT_NAME = "$(TARGET_NAME)";
				WRAPPER_EXTENSION = app;
			};
			name = Debug;
		};
		7B999D2A15DB1E80006ECEDD /* Release */ = {
			isa = XCBuildConfiguration;
			buildSettings = {
				GCC_PRECOMPILE_PREFIX_HEADER = YES;
				GCC_PREFIX_HEADER = "RunLog-iOS/RunLog-iOS-Prefix.pch";
				INFOPLIST_FILE = "RunLog-iOS/RunLog-iOS-Info.plist";
				PRODUCT_NAME = "$(TARGET_NAME)";
				WRAPPER_EXTENSION = app;
			};
			name = Release;
		};
/* End XCBuildConfiguration section */

/* Begin XCConfigurationList section */
		7B999CF915DB1E80006ECEDD /* Build configuration list for PBXProject "RunLog-iOS" */ = {
			isa = XCConfigurationList;
			buildConfigurations = (
				7B999D2615DB1E80006ECEDD /* Debug */,
				7B999D2715DB1E80006ECEDD /* Release */,
			);
			defaultConfigurationIsVisible = 0;
			defaultConfigurationName = Release;
		};
		7B999D2815DB1E80006ECEDD /* Build configuration list for PBXNativeTarget "RunLog-iOS" */ = {
			isa = XCConfigurationList;
			buildConfigurations = (
				7B999D2915DB1E80006ECEDD /* Debug */,
				7B999D2A15DB1E80006ECEDD /* Release */,
			);
			defaultConfigurationIsVisible = 0;
		};
/* End XCConfigurationList section */

/* Begin XCVersionGroup section */
		7B999D1715DB1E80006ECEDD /* RunLog_iOS.xcdatamodeld */ = {
			isa = XCVersionGroup;
			children = (
				7B999D1815DB1E80006ECEDD /* RunLog_iOS.xcdatamodel */,
			);
			currentVersion = 7B999D1815DB1E80006ECEDD /* RunLog_iOS.xcdatamodel */;
			path = RunLog_iOS.xcdatamodeld;
			sourceTree = "<group>";
			versionGroupType = wrapper.xcdatamodel;
		};
/* End XCVersionGroup section */
	};
	rootObject = 7B999CF615DB1E80006ECEDD /* Project object */;
}
